<?xml version="1.0" encoding="utf-8"?>
<Project ToolsVersion="4.0" xmlns="http://schemas.microsoft.com/developer/msbuild/2003">
  <ItemGroup>
    <Filter Include="Source Files">
      <UniqueIdentifier>{4FC737F1-C7A5-4376-A066-2A32D752A2FF}</UniqueIdentifier>
      <Extensions>cpp;c;cc;cxx;def;odl;idl;hpj;bat;asm;asmx</Extensions>
    </Filter>
    <Filter Include="Header Files">
      <UniqueIdentifier>{93995380-89BD-4b04-88EB-625FBE52EBFB}</UniqueIdentifier>
      <Extensions>h;hh;hpp;hxx;hm;inl;inc;xsd</Extensions>
    </Filter>
    <Filter Include="Resource Files">
      <UniqueIdentifier>{67DA6AB6-F800-4c08-8B7A-83BB121AAD01}</UniqueIdentifier>
      <Extensions>rc;ico;cur;bmp;dlg;rc2;rct;bin;rgs;gif;jpg;jpeg;jpe;resx;tiff;tif;png;wav;mfcribbon-ms</Extensions>
    </Filter>
    <Filter Include="Header Files\General">
      <UniqueIdentifier>{0efb32b5-9e5c-4be9-8d4d-fd8e5ba857c7}</UniqueIdentifier>
    </Filter>
    <Filter Include="Source Files\General">
      <UniqueIdentifier>{4d41097d-ec97-4671-be3b-8b7d6c13de08}</UniqueIdentifier>
    </Filter>
    <Filter Include="Header Files\Table">
      <UniqueIdentifier>{356271a5-9eb3-4dc9-bf95-cdf89d68ffea}</UniqueIdentifier>
    </Filter>
    <Filter Include="Header Files\Gameplay Elements">
      <UniqueIdentifier>{ff58d1d2-82ea-47a8-84b6-fdbf08931977}</UniqueIdentifier>
    </Filter>
    <Filter Include="Header Files\Environment">
      <UniqueIdentifier>{ee9d9a31-4773-4321-b914-b814f05e5ce0}</UniqueIdentifier>
    </Filter>
    <Filter Include="Source Files\Table">
      <UniqueIdentifier>{59e68212-17e3-4409-b0b5-8cd7ae84aa65}</UniqueIdentifier>
    </Filter>
    <Filter Include="Source Files\Gameplay Elements">
      <UniqueIdentifier>{6e9e3b15-66ef-4528-a087-4fb08ef124f1}</UniqueIdentifier>
    </Filter>
    <Filter Include="Source Files\Environment">
      <UniqueIdentifier>{85a84650-220e-4ef4-8a98-24b9df6c42de}</UniqueIdentifier>
    </Filter>
  </ItemGroup>
  <ItemGroup>
    <ClCompile Include="Main.cpp">
      <Filter>Source Files</Filter>
    </ClCompile>
    <ClCompile Include="Game.cpp">
      <Filter>Source Files\General</Filter>
    </ClCompile>
    <ClCompile Include="Physics.cpp">
      <Filter>Source Files\General</Filter>
    </ClCompile>
    <ClCompile Include="Bumper.cpp">
      <Filter>Source Files\Table</Filter>
    </ClCompile>
    <ClCompile Include="Pocket.cpp">
      <Filter>Source Files\Table</Filter>
    </ClCompile>
    <ClCompile Include="Cue.cpp">
      <Filter>Source Files\Gameplay Elements</Filter>
    </ClCompile>
    <ClCompile Include="Ball.cpp">
      <Filter>Source Files\Gameplay Elements</Filter>
    </ClCompile>
    <ClCompile Include="OverheadLight.cpp">
      <Filter>Source Files\Environment</Filter>
    </ClCompile>
    <ClCompile Include="Room.cpp">
      <Filter>Source Files\Environment</Filter>
    </ClCompile>
    <ClCompile Include="AmbientLight.cpp">
      <Filter>Source Files\Environment</Filter>
    </ClCompile>
    <ClCompile Include="Music.cpp">
      <Filter>Source Files\Environment</Filter>
    </ClCompile>
    <ClCompile Include="SimpleModelLoader.cpp">
      <Filter>Source Files</Filter>
    </ClCompile>
  </ItemGroup>
  <ItemGroup>
    <ClInclude Include="Physics.h">
      <Filter>Header Files\General</Filter>
    </ClInclude>
    <ClInclude Include="Game.h">
      <Filter>Header Files\General</Filter>
    </ClInclude>
    <ClInclude Include="Bumper.h">
      <Filter>Header Files\Table</Filter>
    </ClInclude>
    <ClInclude Include="Pocket.h">
      <Filter>Header Files\Table</Filter>
    </ClInclude>
    <ClInclude Include="Ball.h">
      <Filter>Header Files\Gameplay Elements</Filter>
    </ClInclude>
    <ClInclude Include="Cue.h">
      <Filter>Header Files\Gameplay Elements</Filter>
    </ClInclude>
    <ClInclude Include="OverheadLight.h">
      <Filter>Header Files\Environment</Filter>
    </ClInclude>
    <ClInclude Include="Room.h">
      <Filter>Header Files\Environment</Filter>
    </ClInclude>
    <ClInclude Include="AmbientLight.h">
      <Filter>Header Files\Environment</Filter>
    </ClInclude>
    <ClInclude Include="Music.h">
      <Filter>Header Files\Environment</Filter>
    </ClInclude>
    <ClInclude Include="IDrawable.h">
      <Filter>Header Files\General</Filter>
    </ClInclude>
    <ClInclude Include="SimpleModelLoader.h">
      <Filter>Header Files</Filter>
    </ClInclude>
  </ItemGroup>
</Project>